
Microsoft Visual Studio Solution File, Format Version 12.00
# Visual Studio 15
VisualStudioVersion = 15.0.28307.1927
MinimumVisualStudioVersion = 10.0.40219.1
Project("{8BC9CEB8-8B4A-11D0-8D11-00A0C91BC942}") = "cpp_sdl_intro", "cpp_sdl_intro\cpp_sdl_intro.vcxproj", "{FE671075-1FF9-41E6-B84D-0DFA34B3755B}"
EndProject
Global
	GlobalSection(SolutionConfigurationPlatforms) = preSolution
		Debug|x64 = Debug|x64
		Debug|x86 = Debug|x86
		Release|x64 = Release|x64
		Release|x86 = Release|x86
	EndGlobalSection
	GlobalSection(ProjectConfigurationPlatforms) = postSolution
		{FE671075-1FF9-41E6-B84D-0DFA34B3755B}.Debug|x64.ActiveCfg = Debug|x64
		{FE671075-1FF9-41E6-B84D-0DFA34B3755B}.Debug|x64.Build.0 = Debug|x64
		{FE671075-1FF9-41E6-B84D-0DFA34B3755B}.Debug|x86.ActiveCfg = Debug|Win32
		{FE671075-1FF9-41E6-B84D-0DFA34B3755B}.Debug|x86.Build.0 = Debug|Win32
		{FE671075-1FF9-41E6-B84D-0DFA34B3755B}.Release|x64.ActiveCfg = Release|x64
		{FE671075-1FF9-41E6-B84D-0DFA34B3755B}.Release|x64.Build.0 = Release|x64
		{FE671075-1FF9-41E6-B84D-0DFA34B3755B}.Release|x86.ActiveCfg = Release|Win32
		{FE671075-1FF9-41E6-B84D-0DFA34B3755B}.Release|x86.Build.0 = Release|Win32
	EndGlobalSection
	GlobalSection(SolutionProperties) = preSolution
		HideSolutionNode = FALSE
	EndGlobalSection
	GlobalSection(ExtensibilityGlobals) = postSolution
		SolutionGuid = {C7DBC114-D085-49E2-9A82-E29D43A5097B}
	EndGlobalSection
EndGlobal
